
Microsoft Visual Studio Solution File, Format Version 12.00
# Visual Studio Version 17
VisualStudioVersion = 17.1.32319.34
MinimumVisualStudioVersion = 10.0.40219.1
Project("{FAE04EC0-301F-11D3-BF4B-00C04F79EFBC}") = "RealtorEF", "RealtorEF\RealtorEF.csproj", "{9CA89B35-1B5C-4718-A685-873932360EC6}"
EndProject
Global
	GlobalSection(SolutionConfigurationPlatforms) = preSolution
		Debug|Any CPU = Debug|Any CPU
		Release|Any CPU = Release|Any CPU
	EndGlobalSection
	GlobalSection(ProjectConfigurationPlatforms) = postSolution
		{9CA89B35-1B5C-4718-A685-873932360EC6}.Debug|Any CPU.ActiveCfg = Debug|Any CPU
		{9CA89B35-1B5C-4718-A685-873932360EC6}.Debug|Any CPU.Build.0 = Debug|Any CPU
		{9CA89B35-1B5C-4718-A685-873932360EC6}.Release|Any CPU.ActiveCfg = Release|Any CPU
		{9CA89B35-1B5C-4718-A685-873932360EC6}.Release|Any CPU.Build.0 = Release|Any CPU
	EndGlobalSection
	GlobalSection(SolutionProperties) = preSolution
		HideSolutionNode = FALSE
	EndGlobalSection
	GlobalSection(ExtensibilityGlobals) = postSolution
		SolutionGuid = {37C9FFE2-0700-4DC6-983A-D2342154D273}
	EndGlobalSection
EndGlobal
